{
  "nodes": {
    "aerospace-tap": {
      "flake": false,
      "locked": {
        "lastModified": 1756592205,
        "narHash": "sha256-AB7c96r/7JgkBubPrlEFz9yaIPdsD7S8JkLVnGtlhAw=",
        "owner": "nikitabobko",
        "repo": "homebrew-tap",
        "rev": "2eff00794112cf73fdefeec27cd9b30abe644408",
        "type": "github"
      },
      "original": {
        "owner": "nikitabobko",
        "repo": "homebrew-tap",
        "type": "github"
      }
    },
    "brew-src": {
      "flake": false,
      "locked": {
        "lastModified": 1758543057,
        "narHash": "sha256-lw3V2jOGYphUFHYQ5oARcb6urlbNpUCLJy1qhsGdUmc=",
        "owner": "Homebrew",
        "repo": "brew",
        "rev": "5b236456eb93133c2bd0d60ef35ed63f1c0712f6",
        "type": "github"
      },
      "original": {
        "owner": "Homebrew",
        "ref": "4.6.12",
        "repo": "brew",
        "type": "github"
      }
    },
    "chromeMcp": {
      "flake": false,
      "locked": {
        "lastModified": 1761053809,
        "narHash": "sha256-+PCwu3nKy0PeuJ3G5jngtWOthmUqhuKtWw4sUwLMxFk=",
        "owner": "ChromeDevTools",
        "repo": "chrome-devtools-mcp",
        "rev": "bc81582632be5cd87d8681748532c1d52e91004f",
        "type": "github"
      },
      "original": {
        "owner": "ChromeDevTools",
        "repo": "chrome-devtools-mcp",
        "type": "github"
      }
    },
    "darwin": {
      "inputs": {
        "nixpkgs": [
          "nixpkgs"
        ]
      },
      "locked": {
        "lastModified": 1748352827,
        "narHash": "sha256-sNUUP6qxGkK9hXgJ+p362dtWLgnIWwOCmiq72LAWtYo=",
        "owner": "LnL7",
        "repo": "nix-darwin",
        "rev": "44a7d0e687a87b73facfe94fba78d323a6686a90",
        "type": "github"
      },
      "original": {
        "owner": "LnL7",
        "ref": "master",
        "repo": "nix-darwin",
        "type": "github"
      }
    },
    "disko": {
      "inputs": {
        "nixpkgs": [
          "nixpkgs"
        ]
      },
      "locked": {
        "lastModified": 1748832438,
        "narHash": "sha256-/CtyLVfNaFP7PrOPrTEuGOJBIhcBKVQ91KiEbtXJi0A=",
        "owner": "nix-community",
        "repo": "disko",
        "rev": "58d6e5a83fff9982d57e0a0a994d4e5c0af441e4",
        "type": "github"
      },
      "original": {
        "owner": "nix-community",
        "repo": "disko",
        "type": "github"
      }
    },
    "flake-parts": {
      "inputs": {
        "nixpkgs-lib": [
          "neovim-nightly-overlay",
          "nixpkgs"
        ]
      },
      "locked": {
        "lastModified": 1760948891,
        "narHash": "sha256-TmWcdiUUaWk8J4lpjzu4gCGxWY6/Ok7mOK4fIFfBuU4=",
        "owner": "hercules-ci",
        "repo": "flake-parts",
        "rev": "864599284fc7c0ba6357ed89ed5e2cd5040f0c04",
        "type": "github"
      },
      "original": {
        "owner": "hercules-ci",
        "repo": "flake-parts",
        "type": "github"
      }
    },
    "flake-utils": {
      "inputs": {
        "systems": "systems"
      },
      "locked": {
        "lastModified": 1731533236,
        "narHash": "sha256-l0KFg5HjrsfsO/JpG+r7fRrqm12kzFHyUHqHCVpMMbI=",
        "owner": "numtide",
        "repo": "flake-utils",
        "rev": "11707dc2f618dd54ca8739b309ec4fc024de578b",
        "type": "github"
      },
      "original": {
        "owner": "numtide",
        "repo": "flake-utils",
        "type": "github"
      }
    },
    "home-manager": {
      "inputs": {
        "nixpkgs": [
          "nixpkgs"
        ]
      },
      "locked": {
        "lastModified": 1760887455,
        "narHash": "sha256-/xU8iYZjolWbMUNBQF6af5zgGs73Qw21WMgz1tLs3Yw=",
        "owner": "nix-community",
        "repo": "home-manager",
        "rev": "aeabc1ac63e6ebb8ba4714c4abdfe0556f2de765",
        "type": "github"
      },
      "original": {
        "owner": "nix-community",
        "ref": "master",
        "repo": "home-manager",
        "type": "github"
      }
    },
    "homebrew-additional": {
      "flake": false,
      "locked": {
        "lastModified": 1753561928,
        "narHash": "sha256-fkDotjzVDdNB85zNK29NF9RO+H6DKHJA+9uom7++n3U=",
        "owner": "iluvshiwoon",
        "repo": "homebrew-additional",
        "rev": "0c486afa39b93946b72971ec85964e535af003fa",
        "type": "github"
      },
      "original": {
        "owner": "iluvshiwoon",
        "repo": "homebrew-additional",
        "type": "github"
      }
    },
    "homebrew-cask": {
      "flake": false,
      "locked": {
        "lastModified": 1760781683,
        "narHash": "sha256-Q/F3T6wvGGTyWbhFd8QpCovYpwurGUu3emKOLNJ4OQE=",
        "owner": "homebrew",
        "repo": "homebrew-cask",
        "rev": "faf36a5fda32c140da51b06d90d28076d3acda10",
        "type": "github"
      },
      "original": {
        "owner": "homebrew",
        "repo": "homebrew-cask",
        "type": "github"
      }
    },
    "homebrew-core": {
      "flake": false,
      "locked": {
        "lastModified": 1760552532,
        "narHash": "sha256-OYimRihaGqNkk4rUFb3CVIWSj3AKYZOIpW6ZxDe4l0w=",
        "owner": "homebrew",
        "repo": "homebrew-core",
        "rev": "db0ac99bc2e63ee6f9613eaf23ad8790cb99a6c5",
        "type": "github"
      },
      "original": {
        "owner": "homebrew",
        "repo": "homebrew-core",
        "type": "github"
      }
    },
    "homebrew-emacs-plus": {
      "flake": false,
      "locked": {
        "lastModified": 1762005821,
        "narHash": "sha256-M24JpkYH7xdrm7Uine17wrmnpszfhCn9dBhw13Yt69Q=",
        "owner": "d12frosted",
        "repo": "homebrew-emacs-plus",
        "rev": "89952793a1226de8b47dd6269806693713178b84",
        "type": "github"
      },
      "original": {
        "owner": "d12frosted",
        "repo": "homebrew-emacs-plus",
        "type": "github"
      }
    },
    "homebrew-mongodb": {
      "flake": false,
      "locked": {
        "lastModified": 1760024717,
        "narHash": "sha256-2YiWPP7pAhyicGTpaoQ5jOfsZxvhlFsqJdSI/wRFwwA=",
        "owner": "mongodb",
        "repo": "homebrew-brew",
        "rev": "2a52364c5a7fe36b9d5cbfd037a53d7bdcb74378",
        "type": "github"
      },
      "original": {
        "owner": "mongodb",
        "repo": "homebrew-brew",
        "type": "github"
      }
    },
    "nanobanana": {
      "flake": false,
      "locked": {
        "lastModified": 1759507797,
        "narHash": "sha256-l5qQHjqE+jPT9+hJnZ/j8ym0w6Ge/45SJJgiiUdFKJM=",
        "owner": "gemini-cli-extensions",
        "repo": "nanobanana",
        "rev": "3d1edae59d25c8350f9e3638dcd2cc6b174fdf76",
        "type": "github"
      },
      "original": {
        "owner": "gemini-cli-extensions",
        "repo": "nanobanana",
        "type": "github"
      }
    },
    "neovim-nightly-overlay": {
      "inputs": {
        "flake-parts": "flake-parts",
        "neovim-src": "neovim-src",
        "nixpkgs": "nixpkgs"
      },
      "locked": {
        "lastModified": 1761609904,
        "narHash": "sha256-PmomNFNVrJ7EVpTUnPpqDrOIIjiXVowb+paUQ3cx37g=",
        "owner": "nix-community",
        "repo": "neovim-nightly-overlay",
        "rev": "48eff0abd9c8282ac0f0a4c88d96aa2b3489aa7f",
        "type": "github"
      },
      "original": {
        "owner": "nix-community",
        "repo": "neovim-nightly-overlay",
        "type": "github"
      }
    },
    "neovim-src": {
      "flake": false,
      "locked": {
        "lastModified": 1761608714,
        "narHash": "sha256-j98Z6O9mCdYMH+UxzkOaMyjYMExltw6fdhsFbQgPv/4=",
        "owner": "neovim",
        "repo": "neovim",
        "rev": "59a44caac64c52e9e48c7d1da37d49fabf44db05",
        "type": "github"
      },
      "original": {
        "owner": "neovim",
        "repo": "neovim",
        "type": "github"
      }
    },
    "nix-homebrew": {
      "inputs": {
        "brew-src": "brew-src"
      },
      "locked": {
        "lastModified": 1758598228,
        "narHash": "sha256-qr60maXGbZ4FX5tejPRI3nr0bnRTnZ3AbbbfO6/6jq4=",
        "owner": "zhaofengli-wip",
        "repo": "nix-homebrew",
        "rev": "f36e5db56e117f7df701ab152d0d2036ea85218c",
        "type": "github"
      },
      "original": {
        "owner": "zhaofengli-wip",
        "repo": "nix-homebrew",
        "type": "github"
      }
    },
    "nixgl": {
      "inputs": {
        "flake-utils": "flake-utils",
        "nixpkgs": "nixpkgs_2"
      },
      "locked": {
        "lastModified": 1762090880,
        "narHash": "sha256-fbRQzIGPkjZa83MowjbD2ALaJf9y6KMDdJBQMKFeY/8=",
        "owner": "nix-community",
        "repo": "nixGL",
        "rev": "b6105297e6f0cd041670c3e8628394d4ee247ed5",
        "type": "github"
      },
      "original": {
        "owner": "nix-community",
        "repo": "nixGL",
        "type": "github"
      }
    },
    "nixpkgs": {
      "locked": {
        "lastModified": 1761440988,
        "narHash": "sha256-2qsow3cQIgZB2g8Cy8cW+L9eXDHP6a1PsvOschk5y+E=",
        "owner": "NixOS",
        "repo": "nixpkgs",
        "rev": "de69d2ba6c70e747320df9c096523b623d3a4c35",
        "type": "github"
      },
      "original": {
        "owner": "NixOS",
        "ref": "nixpkgs-unstable",
        "repo": "nixpkgs",
        "type": "github"
      }
    },
    "nixpkgs_2": {
      "locked": {
        "lastModified": 1746378225,
        "narHash": "sha256-OeRSuL8PUjIfL3Q0fTbNJD/fmv1R+K2JAOqWJd3Oceg=",
        "owner": "nixos",
        "repo": "nixpkgs",
        "rev": "93e8cdce7afc64297cfec447c311470788131cd9",
        "type": "github"
      },
      "original": {
        "owner": "nixos",
        "repo": "nixpkgs",
        "type": "github"
      }
    },
    "nixpkgs_3": {
      "locked": {
        "lastModified": 1761373498,
        "narHash": "sha256-Q/uhWNvd7V7k1H1ZPMy/vkx3F8C13ZcdrKjO7Jv7v0c=",
        "owner": "nixos",
        "repo": "nixpkgs",
        "rev": "6a08e6bb4e46ff7fcbb53d409b253f6bad8a28ce",
        "type": "github"
      },
      "original": {
        "owner": "nixos",
        "ref": "nixos-unstable",
        "repo": "nixpkgs",
        "type": "github"
      }
    },
    "nixpkgs_4": {
      "locked": {
        "lastModified": 1758277210,
        "narHash": "sha256-iCGWf/LTy+aY0zFu8q12lK8KuZp7yvdhStehhyX1v8w=",
        "owner": "nixos",
        "repo": "nixpkgs",
        "rev": "8eaee110344796db060382e15d3af0a9fc396e0e",
        "type": "github"
      },
      "original": {
        "owner": "nixos",
        "ref": "nixos-unstable",
        "repo": "nixpkgs",
        "type": "github"
      }
    },
    "prettier-with-plugins": {
      "flake": false,
      "locked": {
        "lastModified": 1756747291,
        "narHash": "sha256-IunmEVfCr6CzK9WMKyb59E7zHG0NxHzO/SjoaT2kS34=",
        "owner": "nix-utilities",
        "repo": "prettier-with-plugins",
        "rev": "8f25f283cedad10b50212b69377b950bf093c6d7",
        "type": "github"
      },
      "original": {
        "owner": "nix-utilities",
        "repo": "prettier-with-plugins",
        "type": "github"
      }
    },
    "root": {
      "inputs": {
        "aerospace-tap": "aerospace-tap",
        "chromeMcp": "chromeMcp",
        "darwin": "darwin",
        "disko": "disko",
        "home-manager": "home-manager",
        "homebrew-additional": "homebrew-additional",
        "homebrew-cask": "homebrew-cask",
        "homebrew-core": "homebrew-core",
        "homebrew-emacs-plus": "homebrew-emacs-plus",
        "homebrew-mongodb": "homebrew-mongodb",
        "nanobanana": "nanobanana",
        "neovim-nightly-overlay": "neovim-nightly-overlay",
        "nix-homebrew": "nix-homebrew",
        "nixgl": "nixgl",
        "nixpkgs": "nixpkgs_3",
        "prettier-with-plugins": "prettier-with-plugins",
        "svelteMcp": "svelteMcp",
        "tmux-toggle-popup": "tmux-toggle-popup",
        "upstash-context7": "upstash-context7",
        "zen-browser": "zen-browser"
      }
    },
    "svelteMcp": {
      "flake": false,
      "locked": {
        "lastModified": 1760865072,
        "narHash": "sha256-DI3lvfvZ154ULABVO5+J6m5evAhI/ziZYKi2VN46CfM=",
        "owner": "sveltejs",
        "repo": "mcp",
        "rev": "60aa30397f778a1d9515c706f6bdaf33887a406b",
        "type": "github"
      },
      "original": {
        "owner": "sveltejs",
        "repo": "mcp",
        "type": "github"
      }
    },
    "systems": {
      "locked": {
        "lastModified": 1681028828,
        "narHash": "sha256-Vy1rq5AaRuLzOxct8nz4T6wlgyUR7zLU309k9mBC768=",
        "owner": "nix-systems",
        "repo": "default",
        "rev": "da67096a3b9bf56a91d16901293e51ba5b49a27e",
        "type": "github"
      },
      "original": {
        "owner": "nix-systems",
        "repo": "default",
        "type": "github"
      }
    },
    "tmux-toggle-popup": {
      "flake": false,
      "locked": {
        "lastModified": 1758708380,
        "narHash": "sha256-dSOp/GQC5zz4KqpyApxIP+F5EZbp8C5EFDYeYEWJ050=",
        "owner": "loichyan",
        "repo": "tmux-toggle-popup",
        "rev": "886e0bf8484db6bc8d534f5e3cd77f4d3529b52d",
        "type": "github"
      },
      "original": {
        "owner": "loichyan",
        "repo": "tmux-toggle-popup",
        "type": "github"
      }
    },
    "upstash-context7": {
      "flake": false,
      "locked": {
        "lastModified": 1760707689,
        "narHash": "sha256-mZ/D+Kw6yBwmtUPz7y2WJAqcnDAhAlGrheH4WIbDbC0=",
        "owner": "upstash",
        "repo": "context7",
        "rev": "9df4308bb23b1fe6e9679920e39aa8d714db045f",
        "type": "github"
      },
      "original": {
        "owner": "upstash",
        "repo": "context7",
        "type": "github"
      }
    },
    "zen-browser": {
      "inputs": {
        "nixpkgs": "nixpkgs_4"
      },
      "locked": {
        "lastModified": 1758600385,
        "narHash": "sha256-lRK96/otQ9JAkrjYFkK8sKloujhZ+eS3RFFerMdEKAg=",
        "owner": "youwen5",
        "repo": "zen-browser-flake",
        "rev": "8fdac24a43e541c644ea26b48ff886533d367155",
        "type": "github"
      },
      "original": {
        "owner": "youwen5",
        "repo": "zen-browser-flake",
        "type": "github"
      }
    }
  },
  "root": "root",
  "version": 7
}
